PODS:
  - HDAugmentedReality (2.3.0)
  - ObjectMapper (3.1.0)
  - SDWebImage (4.2.2):
    - SDWebImage/Core (= 4.2.2)
  - SDWebImage/Core (4.2.2)

DEPENDENCIES:
  - HDAugmentedReality (~> 2.3)
  - ObjectMapper
  - SDWebImage

SPEC CHECKSUMS:
  HDAugmentedReality: 2ea96cb488aa81298e6557a897b4252d62e55843
  ObjectMapper: 20505058f54e5c3ca69e1d6de9897d152a5369a6
  SDWebImage: 89a9d32cd520bbb46eb14e541d5109b3564af198

PODFILE CHECKSUM: 58af68f44ffcc69a1f12a7b4ee78d26c06e19e93

COCOAPODS: 1.3.1
